<?xml version="1.0" encoding="utf-8"?>
<Project ToolsVersion="4.0" xmlns="http://schemas.microsoft.com/developer/msbuild/2003">
  <ItemGroup>
    <ClInclude Include="Core\ThreadPool.h" />
    <ClInclude Include="Pch.h" />
    <ClInclude Include="Core\Core.h" />
    <ClInclude Include="Core\CVar.h" />
    <ClInclude Include="Core\Log.h" />
    <ClInclude Include="Core\NonCopyable.h" />
    <ClInclude Include="Core\Singleton.h" />
    <ClInclude Include="Core\Delegates.h" />
    <ClInclude Include="Core\Misc.h" />
    <ClInclude Include="Core\UUID.h" />
    <ClInclude Include="Engine.h" />
    <ClInclude Include="EngineTimer.h" />
    <ClInclude Include="RuntimeModule.h" />
    <ClInclude Include="RHI\Descriptor.h" />
    <ClInclude Include="RHI\Resource.h" />
    <ClInclude Include="RHI\RHI.h" />
    <ClInclude Include="RHI\RHICommon.h" />
    <ClInclude Include="RHI\RHILogger.h" />
    <ClInclude Include="RHI\Sampler.h" />
    <ClInclude Include="RHI\Shader.h" />
    <ClInclude Include="RHI\SwapChain.h" />
    <ClInclude Include="KeyCode.h" />
    <ClInclude Include="Launcher.h" />
    <ClInclude Include="WindowData.h" />
    <ClInclude Include="Renderer\RendererCommon.h" />
    <ClInclude Include="Renderer\ImGuiPass.h" />
    <ClInclude Include="Renderer\Renderer.h" />
    <ClInclude Include="Renderer\RenderTexturePool.h" />
    <ClInclude Include="UI\UIManager.h" />
    <ClInclude Include="UI\UICommon.h" />
    <ClInclude Include="Scene\Component.h" />
    <ClInclude Include="Scene\SceneNode.h" />
    <ClInclude Include="Scene\Component\Transform.h" />
    <ClInclude Include="Scene\Scene.h" />
    <ClInclude Include="Scene\SceneManager.h" />
    <ClInclude Include="UI\UIHelper.h" />
    <ClInclude Include="AssetSystem\TextureManager.h" />
    <ClInclude Include="AssetSystem\MeshManager.h" />
    <ClInclude Include="AssetSystem\MaterialManager.h" />
    <ClInclude Include="AssetSystem\AssetRegistry.h" />
    <ClInclude Include="AssetSystem\AssetSystem.h" />
    <ClInclude Include="AssetSystem\AssetCommon.h" />
    <ClInclude Include="AssetSystem\AsyncUploader.h" />
    <ClInclude Include="AssetSystem\LRUCache.h" />
    <ClInclude Include="Project.h" />
    <ClInclude Include="Scene\Component\Landscape.h" />
    <ClInclude Include="Scene\CameraInterface.h" />
    <ClInclude Include="Renderer\Parameters.h" />
    <ClInclude Include="Renderer\MeshMisc.h" />
    <ClInclude Include="RHI\Bindless.h" />
    <ClInclude Include="Renderer\DeferredRenderer\DeferredRenderer.h" />
    <ClInclude Include="Scene\Component\StaticMesh.h" />
    <ClInclude Include="Renderer\RenderSceneData.h" />
    <ClInclude Include="Renderer\RendererTextures.h" />
    <ClInclude Include="Renderer\BufferParameter.h" />
    <ClInclude Include="Renderer\RendererInterface.h" />
    <ClInclude Include="Renderer\PassCollector.h" />
    <ClInclude Include="Renderer\SceneTextures.h" />
    <ClInclude Include="MeshTool\MeshToolCommon.h" />
    <ClInclude Include="RHI\Query.h" />
    <ClInclude Include="Scene\Component\Light.h" />
    <ClInclude Include="Scene\Component\DirectionalLight.h" />
    <ClInclude Include="Scene\Component\SpotLight.h" />
    <ClInclude Include="Renderer\DeferredRenderer\Pass\FSR2Pass.h" />
    <ClInclude Include="Renderer\RenderSettingContext.h" />
    <ClInclude Include="RHI\CommandBuffer.h" />
    <ClInclude Include="AssetSystem\MMD\FormatDefine.h" />
    <ClInclude Include="AssetSystem\MMD\SjisToUnicode.h" />
    <ClInclude Include="AssetSystem\MMD\UnicodeUtil.h" />
    <ClInclude Include="Scene\Component\PMXComponent.h" />
    <ClInclude Include="Renderer\PMXRenderProxy.h" />
    <ClInclude Include="Renderer\ColorConversion.h" />
    <ClInclude Include="RHI\AccelerateStructure.h" />
    <ClInclude Include="AssetSystem\AsyncQueueSchedule.h" />
  </ItemGroup>
  <ItemGroup>
    <ClCompile Include="Pch.cpp" />
    <ClCompile Include="Core\Log.cpp" />
    <ClCompile Include="Core\Delegates.cpp" />
    <ClCompile Include="Engine.cpp" />
    <ClCompile Include="RuntimeModule.cpp" />
    <ClCompile Include="RHI\Descriptor.cpp" />
    <ClCompile Include="RHI\Resource.cpp" />
    <ClCompile Include="RHI\RHI.cpp" />
    <ClCompile Include="RHI\Sampler.cpp" />
    <ClCompile Include="RHI\Shader.cpp" />
    <ClCompile Include="RHI\Swapchain.cpp" />
    <ClCompile Include="Launcher.cpp" />
    <ClCompile Include="WindowData.cpp" />
    <ClCompile Include="Renderer\ImGuiPass.cpp" />
    <ClCompile Include="Renderer\Renderer.cpp" />
    <ClCompile Include="Renderer\RenderTexturePool.cpp" />
    <ClCompile Include="UI\UIManager.cpp" />
    <ClCompile Include="UI\UICommon.cpp" />
    <ClCompile Include="Scene\SceneNode.cpp" />
    <ClCompile Include="Scene\Component\Transform.cpp" />
    <ClCompile Include="Scene\Scene.cpp" />
    <ClCompile Include="Scene\SceneManager.cpp" />
    <ClCompile Include="UI\UIHelper.cpp" />
    <ClCompile Include="AssetSystem\AssetRegistry.cpp" />
    <ClCompile Include="AssetSystem\AssetSystem.cpp" />
    <ClCompile Include="AssetSystem\AssetCommon.cpp" />
    <ClCompile Include="AssetSystem\AsyncUploader.cpp" />
    <ClCompile Include="Project.cpp" />
    <ClCompile Include="AssetSystem\TextureManager.cpp" />
    <ClCompile Include="AssetSystem\MeshManager.cpp" />
    <ClCompile Include="AssetSystem\MaterialManager.cpp" />
    <ClCompile Include="Scene\Component.cpp" />
    <ClCompile Include="Scene\Component\Landscape.cpp" />
    <ClCompile Include="Renderer\MeshMisc.cpp" />
    <ClCompile Include="RHI\Bindless.cpp" />
    <ClCompile Include="Renderer\DeferredRenderer\DeferredRenderer.cpp" />
    <ClCompile Include="Scene\Component\StaticMesh.cpp" />
    <ClCompile Include="Renderer\RenderSceneData.cpp" />
    <ClCompile Include="Renderer\DeferredRenderer\Pass\StaticMeshPass.cpp" />
    <ClCompile Include="Renderer\DeferredRenderer\Pass\TonemapperPass.cpp" />
    <ClCompile Include="Renderer\BufferParameter.cpp" />
    <ClCompile Include="Renderer\RendererInterface.cpp" />
    <ClCompile Include="Renderer\SceneTextures.cpp" />
    <ClCompile Include="MeshTool\Box.cpp" />
    <ClCompile Include="Renderer\Parameters.cpp" />
    <ClCompile Include="RHI\Query.cpp" />
    <ClCompile Include="Scene\Component\Light.cpp" />
    <ClCompile Include="Scene\Component\DirectionalLight.cpp" />
    <ClCompile Include="Renderer\DeferredRenderer\Pass\SampleDistributionShadowMap.cpp" />
    <ClCompile Include="Scene\Component\SpotLight.cpp" />
    <ClCompile Include="Renderer\DeferredRenderer\Pass\BasicLightingPass.cpp" />
    <ClCompile Include="Renderer\DeferredRenderer\Pass\FSR2Pass.cpp" />
    <ClCompile Include="Renderer\DeferredRenderer\Pass\AtmospherePass.cpp" />
    <ClCompile Include="Renderer\DeferredRenderer\Pass\HierarchyZBufferBuild.cpp" />
    <ClCompile Include="Renderer\DeferredRenderer\Pass\VolumetricCloudPass.cpp" />
    <ClCompile Include="Renderer\RenderSettingContext.cpp" />
    <ClCompile Include="RHI\CommandBuffer.cpp" />
    <ClCompile Include="Renderer\DeferredRenderer\Pass\BloomPass.cpp" />
    <ClCompile Include="Renderer\DeferredRenderer\Pass\AdaptiveExposurePass.cpp" />
    <ClCompile Include="Renderer\DeferredRenderer\Pass\GTAOPass.cpp" />
    <ClCompile Include="Renderer\DeferredRenderer\Pass\BlueNoisePass.cpp" />
    <ClCompile Include="AssetSystem\MMD\ImportPMX.cpp" />
    <ClCompile Include="AssetSystem\MMD\SjisToUnicode.cpp" />
    <ClCompile Include="AssetSystem\MMD\UnicodeUtil.cpp" />
    <ClCompile Include="Scene\Component\PMXComponent.cpp" />
    <ClCompile Include="Renderer\PMXRenderProxy.cpp" />
    <ClCompile Include="Renderer\ColorConversion.cpp" />
    <ClCompile Include="Renderer\DeferredRenderer\Pass\SSRPass.cpp" />
    <ClCompile Include="Renderer\DeferredRenderer\Pass\PreZPass.cpp" />
    <ClCompile Include="RHI\AccelerateStructure.cpp" />
    <ClCompile Include="AssetSystem\AsyncQueueSchedule.cpp" />
    <ClCompile Include="Renderer\DeferredRenderer\Pass\SSGIPass.cpp" />
    <ClCompile Include="Renderer\DeferredRenderer\Pass\SSGIPass.cpp" />
  </ItemGroup>
</Project>