<?xml version="1.0" encoding="utf-8"?>
<Project ToolsVersion="4.0" xmlns="http://schemas.microsoft.com/developer/msbuild/2003">
  <ItemGroup>
    <Filter Include="源文件">
      <UniqueIdentifier>{4FC737F1-C7A5-4376-A066-2A32D752A2FF}</UniqueIdentifier>
      <Extensions>cpp;c;cc;cxx;c++;cppm;ixx;def;odl;idl;hpj;bat;asm;asmx</Extensions>
    </Filter>
    <Filter Include="头文件">
      <UniqueIdentifier>{93995380-89BD-4b04-88EB-625FBE52EBFB}</UniqueIdentifier>
      <Extensions>h;hh;hpp;hxx;h++;hm;inl;inc;ipp;xsd</Extensions>
    </Filter>
    <Filter Include="资源文件">
      <UniqueIdentifier>{67DA6AB6-F800-4c08-8B7A-83BB121AAD01}</UniqueIdentifier>
      <Extensions>rc;ico;cur;bmp;dlg;rc2;rct;bin;rgs;gif;jpg;jpeg;jpe;resx;tiff;tif;png;wav;mfcribbon-ms</Extensions>
    </Filter>
  </ItemGroup>
  <ItemGroup>
    <None Include="cpp.hint" />
  </ItemGroup>
  <ItemGroup>
    <ClInclude Include="ImConfig.h">
      <Filter>头文件</Filter>
    </ClInclude>
    <ClInclude Include="ImGui.h">
      <Filter>头文件</Filter>
    </ClInclude>
    <ClInclude Include="ImGuiGlfw.h">
      <Filter>头文件</Filter>
    </ClInclude>
    <ClInclude Include="ImGuiVulkan.h">
      <Filter>头文件</Filter>
    </ClInclude>
    <ClInclude Include="ImGuiInternal.h">
      <Filter>头文件</Filter>
    </ClInclude>
    <ClInclude Include="ImGuiRectpack.h">
      <Filter>头文件</Filter>
    </ClInclude>
    <ClInclude Include="ImGuiTextedit.h">
      <Filter>头文件</Filter>
    </ClInclude>
    <ClInclude Include="ImGuiTruetype.h">
      <Filter>头文件</Filter>
    </ClInclude>
    <ClInclude Include="IconsFontAwesome6.h">
      <Filter>头文件</Filter>
    </ClInclude>
    <ClInclude Include="IconsFontAwesome6Brands.h">
      <Filter>头文件</Filter>
    </ClInclude>
    <ClInclude Include="ImGuiExtension.h">
      <Filter>头文件</Filter>
    </ClInclude>
  </ItemGroup>
  <ItemGroup>
    <ClCompile Include="ImGui.cpp">
      <Filter>源文件</Filter>
    </ClCompile>
    <ClCompile Include="ImGuiDemo.cpp">
      <Filter>源文件</Filter>
    </ClCompile>
    <ClCompile Include="ImGuiGlfw.cpp">
      <Filter>源文件</Filter>
    </ClCompile>
    <ClCompile Include="ImGuiVulkan.cpp">
      <Filter>源文件</Filter>
    </ClCompile>
    <ClCompile Include="ImGuiTables.cpp">
      <Filter>源文件</Filter>
    </ClCompile>
    <ClCompile Include="ImGuiWidgets.cpp">
      <Filter>源文件</Filter>
    </ClCompile>
    <ClCompile Include="ImGuiDraw.cpp">
      <Filter>源文件</Filter>
    </ClCompile>
    <ClCompile Include="ImGuiExtension.cpp">
      <Filter>源文件</Filter>
    </ClCompile>
  </ItemGroup>
</Project>