<?xml version="1.0" encoding="utf-8"?>
<Project ToolsVersion="4.0" xmlns="http://schemas.microsoft.com/developer/msbuild/2003">
  <ItemGroup>
    <Filter Include="Source Files">
      <UniqueIdentifier>{4FC737F1-C7A5-4376-A066-2A32D752A2FF}</UniqueIdentifier>
      <Extensions>cpp;c;cc;cxx;c++;cppm;ixx;def;odl;idl;hpj;bat;asm;asmx</Extensions>
    </Filter>
    <Filter Include="Header Files">
      <UniqueIdentifier>{93995380-89BD-4b04-88EB-625FBE52EBFB}</UniqueIdentifier>
      <Extensions>h;hh;hpp;hxx;h++;hm;inl;inc;ipp;xsd</Extensions>
    </Filter>
    <Filter Include="Resource Files">
      <UniqueIdentifier>{67DA6AB6-F800-4c08-8B7A-83BB121AAD01}</UniqueIdentifier>
      <Extensions>rc;ico;cur;bmp;dlg;rc2;rct;bin;rgs;gif;jpg;jpeg;jpe;resx;tiff;tif;png;wav;mfcribbon-ms</Extensions>
    </Filter>
  </ItemGroup>
  <ItemGroup>
    <ClCompile Include="Base\File.cpp">
      <Filter>Source Files</Filter>
    </ClCompile>
    <ClCompile Include="Base\Log.cpp">
      <Filter>Source Files</Filter>
    </ClCompile>
    <ClCompile Include="Base\Path.cpp">
      <Filter>Source Files</Filter>
    </ClCompile>
    <ClCompile Include="Base\Singleton.cpp">
      <Filter>Source Files</Filter>
    </ClCompile>
    <ClCompile Include="Base\Time.cpp">
      <Filter>Source Files</Filter>
    </ClCompile>
    <ClCompile Include="Base\UnicodeUtil.cpp">
      <Filter>Source Files</Filter>
    </ClCompile>
    <ClCompile Include="Model\MMD\MMDCamera.cpp">
      <Filter>Source Files</Filter>
    </ClCompile>
    <ClCompile Include="Model\MMD\MMDIkSolver.cpp">
      <Filter>Source Files</Filter>
    </ClCompile>
    <ClCompile Include="Model\MMD\MMDMaterial.cpp">
      <Filter>Source Files</Filter>
    </ClCompile>
    <ClCompile Include="Model\MMD\MMDModel.cpp">
      <Filter>Source Files</Filter>
    </ClCompile>
    <ClCompile Include="Model\MMD\MMDMorph.cpp">
      <Filter>Source Files</Filter>
    </ClCompile>
    <ClCompile Include="Model\MMD\MMDNode.cpp">
      <Filter>Source Files</Filter>
    </ClCompile>
    <ClCompile Include="Model\MMD\MMDPhysics.cpp">
      <Filter>Source Files</Filter>
    </ClCompile>
    <ClCompile Include="Model\MMD\PMDFile.cpp">
      <Filter>Source Files</Filter>
    </ClCompile>
    <ClCompile Include="Model\MMD\PMDModel.cpp">
      <Filter>Source Files</Filter>
    </ClCompile>
    <ClCompile Include="Model\MMD\PMXFile.cpp">
      <Filter>Source Files</Filter>
    </ClCompile>
    <ClCompile Include="Model\MMD\PMXModel.cpp">
      <Filter>Source Files</Filter>
    </ClCompile>
    <ClCompile Include="Model\MMD\SjisToUnicode.cpp">
      <Filter>Source Files</Filter>
    </ClCompile>
    <ClCompile Include="Model\MMD\VMDAnimation.cpp">
      <Filter>Source Files</Filter>
    </ClCompile>
    <ClCompile Include="Model\MMD\VMDCameraAnimation.cpp">
      <Filter>Source Files</Filter>
    </ClCompile>
    <ClCompile Include="Model\MMD\VMDFile.cpp">
      <Filter>Source Files</Filter>
    </ClCompile>
    <ClCompile Include="Model\MMD\VPDFile.cpp">
      <Filter>Source Files</Filter>
    </ClCompile>
    <ClCompile Include="Model\OBJ\OBJModel.cpp">
      <Filter>Source Files</Filter>
    </ClCompile>
    <ClCompile Include="Model\OBJ\tinyobjloader.cpp">
      <Filter>Source Files</Filter>
    </ClCompile>
    <ClCompile Include="Model\XFile\XFileModel.cpp">
      <Filter>Source Files</Filter>
    </ClCompile>
  </ItemGroup>
  <ItemGroup>
    <ClInclude Include="Base\File.h">
      <Filter>Header Files</Filter>
    </ClInclude>
    <ClInclude Include="Base\Log.h">
      <Filter>Header Files</Filter>
    </ClInclude>
    <ClInclude Include="Base\Path.h">
      <Filter>Header Files</Filter>
    </ClInclude>
    <ClInclude Include="Base\Singleton.h">
      <Filter>Header Files</Filter>
    </ClInclude>
    <ClInclude Include="Base\Time.h">
      <Filter>Header Files</Filter>
    </ClInclude>
    <ClInclude Include="Base\UnicodeUtil.h">
      <Filter>Header Files</Filter>
    </ClInclude>
    <ClInclude Include="Model\MMD\MMDCamera.h">
      <Filter>Header Files</Filter>
    </ClInclude>
    <ClInclude Include="Model\MMD\MMDFileString.h">
      <Filter>Header Files</Filter>
    </ClInclude>
    <ClInclude Include="Model\MMD\MMDIkSolver.h">
      <Filter>Header Files</Filter>
    </ClInclude>
    <ClInclude Include="Model\MMD\MMDMaterial.h">
      <Filter>Header Files</Filter>
    </ClInclude>
    <ClInclude Include="Model\MMD\MMDModel.h">
      <Filter>Header Files</Filter>
    </ClInclude>
    <ClInclude Include="Model\MMD\MMDMorph.h">
      <Filter>Header Files</Filter>
    </ClInclude>
    <ClInclude Include="Model\MMD\MMDNode.h">
      <Filter>Header Files</Filter>
    </ClInclude>
    <ClInclude Include="Model\MMD\MMDPhysics.h">
      <Filter>Header Files</Filter>
    </ClInclude>
    <ClInclude Include="Model\MMD\PMDFile.h">
      <Filter>Header Files</Filter>
    </ClInclude>
    <ClInclude Include="Model\MMD\PMDModel.h">
      <Filter>Header Files</Filter>
    </ClInclude>
    <ClInclude Include="Model\MMD\PMXFile.h">
      <Filter>Header Files</Filter>
    </ClInclude>
    <ClInclude Include="Model\MMD\PMXModel.h">
      <Filter>Header Files</Filter>
    </ClInclude>
    <ClInclude Include="Model\MMD\SjisToUnicode.h">
      <Filter>Header Files</Filter>
    </ClInclude>
    <ClInclude Include="Model\MMD\VMDAnimation.h">
      <Filter>Header Files</Filter>
    </ClInclude>
    <ClInclude Include="Model\MMD\VMDAnimationCommon.h">
      <Filter>Header Files</Filter>
    </ClInclude>
    <ClInclude Include="Model\MMD\VMDCameraAnimation.h">
      <Filter>Header Files</Filter>
    </ClInclude>
    <ClInclude Include="Model\MMD\VMDFile.h">
      <Filter>Header Files</Filter>
    </ClInclude>
    <ClInclude Include="Model\MMD\VPDFile.h">
      <Filter>Header Files</Filter>
    </ClInclude>
    <ClInclude Include="Model\OBJ\OBJModel.h">
      <Filter>Header Files</Filter>
    </ClInclude>
    <ClInclude Include="Model\XFile\XFileModel.h">
      <Filter>Header Files</Filter>
    </ClInclude>
    <ClInclude Include="Base\to_glm.h">
      <Filter>Header Files</Filter>
    </ClInclude>
  </ItemGroup>
</Project>