<?xml version="1.0" encoding="utf-8"?>
<Project ToolsVersion="4.0" xmlns="http://schemas.microsoft.com/developer/msbuild/2003">
  <ItemGroup>
    <Filter Include="源文件">
      <UniqueIdentifier>{4FC737F1-C7A5-4376-A066-2A32D752A2FF}</UniqueIdentifier>
      <Extensions>cpp;c;cc;cxx;c++;cppm;ixx;def;odl;idl;hpj;bat;asm;asmx</Extensions>
    </Filter>
    <Filter Include="头文件">
      <UniqueIdentifier>{93995380-89BD-4b04-88EB-625FBE52EBFB}</UniqueIdentifier>
      <Extensions>h;hh;hpp;hxx;h++;hm;inl;inc;ipp;xsd</Extensions>
    </Filter>
    <Filter Include="资源文件">
      <UniqueIdentifier>{67DA6AB6-F800-4c08-8B7A-83BB121AAD01}</UniqueIdentifier>
      <Extensions>rc;ico;cur;bmp;dlg;rc2;rct;bin;rgs;gif;jpg;jpeg;jpe;resx;tiff;tif;png;wav;mfcribbon-ms</Extensions>
    </Filter>
  </ItemGroup>
  <ItemGroup>
    <ClCompile Include="Main.cpp">
      <Filter>源文件</Filter>
    </ClCompile>
    <ClCompile Include="Pch.cpp">
      <Filter>源文件</Filter>
    </ClCompile>
    <ClCompile Include="Widgets\Console.cpp">
      <Filter>源文件</Filter>
    </ClCompile>
    <ClCompile Include="Widgets\Dockspace.cpp">
      <Filter>源文件</Filter>
    </ClCompile>
    <ClCompile Include="Widgets\Downbar.cpp">
      <Filter>源文件</Filter>
    </ClCompile>
    <ClCompile Include="Widgets\MainMenu.cpp">
      <Filter>源文件</Filter>
    </ClCompile>
    <ClCompile Include="Widgets\Viewport.cpp">
      <Filter>源文件</Filter>
    </ClCompile>
    <ClCompile Include="Editor.cpp">
      <Filter>源文件</Filter>
    </ClCompile>
    <ClCompile Include="Widgets\SceneOutliner.cpp">
      <Filter>源文件</Filter>
    </ClCompile>
    <ClCompile Include="Widgets\Detail.cpp">
      <Filter>源文件</Filter>
    </ClCompile>
    <ClCompile Include="Widgets\ProjectSelect.cpp">
      <Filter>源文件</Filter>
    </ClCompile>
    <ClCompile Include="Widgets\Widget.cpp">
      <Filter>源文件</Filter>
    </ClCompile>
    <ClCompile Include="Widgets\ContentViewer.cpp">
      <Filter>源文件</Filter>
    </ClCompile>
    <ClCompile Include="EditorAsset.cpp">
      <Filter>源文件</Filter>
    </ClCompile>
    <ClCompile Include="Widgets\DrawComponent\DrawComponent.cpp">
      <Filter>源文件</Filter>
    </ClCompile>
    <ClCompile Include="Widgets\ViewportCamera.cpp">
      <Filter>源文件</Filter>
    </ClCompile>
    <ClCompile Include="Widgets\DrawComponent\DrawComponentStaticMesh.cpp">
      <Filter>源文件</Filter>
    </ClCompile>
    <ClCompile Include="Widgets\DrawComponent\DrawComponentDirectionalLight.cpp">
      <Filter>源文件</Filter>
    </ClCompile>
    <ClCompile Include="Widgets\DrawComponent\DrawComponentSpotLight.cpp">
      <Filter>源文件</Filter>
    </ClCompile>
    <ClCompile Include="Widgets\DrawComponent\DrawComponentLight.cpp">
      <Filter>源文件</Filter>
    </ClCompile>
    <ClCompile Include="Widgets\RenderSetting.cpp">
      <Filter>源文件</Filter>
    </ClCompile>
    <ClCompile Include="Widgets\DrawComponent\DrawComponentPMX.cpp">
      <Filter>源文件</Filter>
    </ClCompile>
    <ClCompile Include="Widgets\DrawComponent\DrawComponentSkyLight.cpp">
      <Filter>源文件</Filter>
    </ClCompile>
    <ClCompile Include="Widgets\DrawComponent\DrawComponentPostprocessVolume.cpp">
      <Filter>源文件</Filter>
    </ClCompile>
    <ClCompile Include="Widgets\DrawComponent\DrawComponentLandscape.cpp">
      <Filter>源文件</Filter>
    </ClCompile>
    <ClCompile Include="Widgets\DrawComponent\DrawComponentReflectionCapture.cpp">
      <Filter>源文件</Filter>
    </ClCompile>
    <ClCompile Include="Undo.cpp">
      <Filter>源文件</Filter>
    </ClCompile>
  </ItemGroup>
  <ItemGroup>
    <ClInclude Include="Pch.h">
      <Filter>头文件</Filter>
    </ClInclude>
    <ClInclude Include="Widgets\Console.h">
      <Filter>头文件</Filter>
    </ClInclude>
    <ClInclude Include="Widgets\Dockspace.h">
      <Filter>头文件</Filter>
    </ClInclude>
    <ClInclude Include="Widgets\Downbar.h">
      <Filter>头文件</Filter>
    </ClInclude>
    <ClInclude Include="Widgets\MainMenu.h">
      <Filter>头文件</Filter>
    </ClInclude>
    <ClInclude Include="Widgets\Viewport.h">
      <Filter>头文件</Filter>
    </ClInclude>
    <ClInclude Include="Widgets\WidgetsHeader.h">
      <Filter>头文件</Filter>
    </ClInclude>
    <ClInclude Include="Editor.h">
      <Filter>头文件</Filter>
    </ClInclude>
    <ClInclude Include="Widgets\SceneOutliner.h">
      <Filter>头文件</Filter>
    </ClInclude>
    <ClInclude Include="Widgets\Detail.h">
      <Filter>头文件</Filter>
    </ClInclude>
    <ClInclude Include="Widgets\ProjectSelect.h">
      <Filter>头文件</Filter>
    </ClInclude>
    <ClInclude Include="Widgets\Widget.h">
      <Filter>头文件</Filter>
    </ClInclude>
    <ClInclude Include="Widgets\ContentViewer.h">
      <Filter>头文件</Filter>
    </ClInclude>
    <ClInclude Include="EditorAsset.h">
      <Filter>头文件</Filter>
    </ClInclude>
    <ClInclude Include="Widgets\DrawComponent\DrawComponent.h">
      <Filter>头文件</Filter>
    </ClInclude>
    <ClInclude Include="Widgets\ViewportCamera.h">
      <Filter>头文件</Filter>
    </ClInclude>
    <ClInclude Include="Widgets\RenderSetting.h">
      <Filter>头文件</Filter>
    </ClInclude>
    <ClInclude Include="Undo.h">
      <Filter>头文件</Filter>
    </ClInclude>
  </ItemGroup>
</Project>